
Microsoft Visual Studio Solution File, Format Version 12.00
# Visual Studio 15
VisualStudioVersion = 15.0.28307.779
MinimumVisualStudioVersion = 10.0.40219.1
Project("{9A19103F-16F7-4668-BE54-9A1E7A4F7556}") = "NorthwindWeb", "NorthwindWeb\NorthwindWeb.csproj", "{2CCE06C1-3D8F-4D94-B07A-FA977DDD41BF}"
EndProject
Project("{9A19103F-16F7-4668-BE54-9A1E7A4F7556}") = "BibliotekaEncjiNorthwind", "BibliotekaEncjiNorthwind\BibliotekaEncjiNorthwind.csproj", "{90552AD1-3EE6-44B1-9100-77E9BC29634A}"
EndProject
Project("{9A19103F-16F7-4668-BE54-9A1E7A4F7556}") = "Biblioteka KontekstuNorthwind", "Biblioteka KontekstuNorthwind\Biblioteka KontekstuNorthwind.csproj", "{75B84179-7AF7-4ECA-A7A3-CD196B823742}"
EndProject
Project("{9A19103F-16F7-4668-BE54-9A1E7A4F7556}") = "NorthwindMVC", "NorthwindMVC\NorthwindMVC.csproj", "{4CF060DA-0ABC-4C96-A8D7-098A8136580D}"
EndProject
Project("{9A19103F-16F7-4668-BE54-9A1E7A4F7556}") = "SerwisNorthwind", "SerwisNorthwind\SerwisNorthwind.csproj", "{0A26C697-8ADC-4754-9EC6-E4C994B2D056}"
EndProject
Project("{9A19103F-16F7-4668-BE54-9A1E7A4F7556}") = "Angular1", "Angular1\Angular1.csproj", "{2D63D775-C768-454C-9779-58166AA390FA}"
EndProject
Project("{FAE04EC0-301F-11D3-BF4B-00C04F79EFBC}") = "AplikacjaFluentUWP", "AplikacjaFluentUWP\AplikacjaFluentUWP.csproj", "{D2D80F97-4F8F-4B70-A3F9-56318558361E}"
EndProject
Global
	GlobalSection(SolutionConfigurationPlatforms) = preSolution
		Debug|Any CPU = Debug|Any CPU
		Debug|ARM = Debug|ARM
		Debug|ARM64 = Debug|ARM64
		Debug|x64 = Debug|x64
		Debug|x86 = Debug|x86
		Release|Any CPU = Release|Any CPU
		Release|ARM = Release|ARM
		Release|ARM64 = Release|ARM64
		Release|x64 = Release|x64
		Release|x86 = Release|x86
	EndGlobalSection
	GlobalSection(ProjectConfigurationPlatforms) = postSolution
		{2CCE06C1-3D8F-4D94-B07A-FA977DDD41BF}.Debug|Any CPU.ActiveCfg = Debug|Any CPU
		{2CCE06C1-3D8F-4D94-B07A-FA977DDD41BF}.Debug|Any CPU.Build.0 = Debug|Any CPU
		{2CCE06C1-3D8F-4D94-B07A-FA977DDD41BF}.Debug|ARM.ActiveCfg = Debug|Any CPU
		{2CCE06C1-3D8F-4D94-B07A-FA977DDD41BF}.Debug|ARM.Build.0 = Debug|Any CPU
		{2CCE06C1-3D8F-4D94-B07A-FA977DDD41BF}.Debug|ARM64.ActiveCfg = Debug|Any CPU
		{2CCE06C1-3D8F-4D94-B07A-FA977DDD41BF}.Debug|ARM64.Build.0 = Debug|Any CPU
		{2CCE06C1-3D8F-4D94-B07A-FA977DDD41BF}.Debug|x64.ActiveCfg = Debug|Any CPU
		{2CCE06C1-3D8F-4D94-B07A-FA977DDD41BF}.Debug|x64.Build.0 = Debug|Any CPU
		{2CCE06C1-3D8F-4D94-B07A-FA977DDD41BF}.Debug|x86.ActiveCfg = Debug|Any CPU
		{2CCE06C1-3D8F-4D94-B07A-FA977DDD41BF}.Debug|x86.Build.0 = Debug|Any CPU
		{2CCE06C1-3D8F-4D94-B07A-FA977DDD41BF}.Release|Any CPU.ActiveCfg = Release|Any CPU
		{2CCE06C1-3D8F-4D94-B07A-FA977DDD41BF}.Release|Any CPU.Build.0 = Release|Any CPU
		{2CCE06C1-3D8F-4D94-B07A-FA977DDD41BF}.Release|ARM.ActiveCfg = Release|Any CPU
		{2CCE06C1-3D8F-4D94-B07A-FA977DDD41BF}.Release|ARM.Build.0 = Release|Any CPU
		{2CCE06C1-3D8F-4D94-B07A-FA977DDD41BF}.Release|ARM64.ActiveCfg = Release|Any CPU
		{2CCE06C1-3D8F-4D94-B07A-FA977DDD41BF}.Release|ARM64.Build.0 = Release|Any CPU
		{2CCE06C1-3D8F-4D94-B07A-FA977DDD41BF}.Release|x64.ActiveCfg = Release|Any CPU
		{2CCE06C1-3D8F-4D94-B07A-FA977DDD41BF}.Release|x64.Build.0 = Release|Any CPU
		{2CCE06C1-3D8F-4D94-B07A-FA977DDD41BF}.Release|x86.ActiveCfg = Release|Any CPU
		{2CCE06C1-3D8F-4D94-B07A-FA977DDD41BF}.Release|x86.Build.0 = Release|Any CPU
		{90552AD1-3EE6-44B1-9100-77E9BC29634A}.Debug|Any CPU.ActiveCfg = Debug|Any CPU
		{90552AD1-3EE6-44B1-9100-77E9BC29634A}.Debug|Any CPU.Build.0 = Debug|Any CPU
		{90552AD1-3EE6-44B1-9100-77E9BC29634A}.Debug|ARM.ActiveCfg = Debug|Any CPU
		{90552AD1-3EE6-44B1-9100-77E9BC29634A}.Debug|ARM.Build.0 = Debug|Any CPU
		{90552AD1-3EE6-44B1-9100-77E9BC29634A}.Debug|ARM64.ActiveCfg = Debug|Any CPU
		{90552AD1-3EE6-44B1-9100-77E9BC29634A}.Debug|ARM64.Build.0 = Debug|Any CPU
		{90552AD1-3EE6-44B1-9100-77E9BC29634A}.Debug|x64.ActiveCfg = Debug|Any CPU
		{90552AD1-3EE6-44B1-9100-77E9BC29634A}.Debug|x64.Build.0 = Debug|Any CPU
		{90552AD1-3EE6-44B1-9100-77E9BC29634A}.Debug|x86.ActiveCfg = Debug|Any CPU
		{90552AD1-3EE6-44B1-9100-77E9BC29634A}.Debug|x86.Build.0 = Debug|Any CPU
		{90552AD1-3EE6-44B1-9100-77E9BC29634A}.Release|Any CPU.ActiveCfg = Release|Any CPU
		{90552AD1-3EE6-44B1-9100-77E9BC29634A}.Release|Any CPU.Build.0 = Release|Any CPU
		{90552AD1-3EE6-44B1-9100-77E9BC29634A}.Release|ARM.ActiveCfg = Release|Any CPU
		{90552AD1-3EE6-44B1-9100-77E9BC29634A}.Release|ARM.Build.0 = Release|Any CPU
		{90552AD1-3EE6-44B1-9100-77E9BC29634A}.Release|ARM64.ActiveCfg = Release|Any CPU
		{90552AD1-3EE6-44B1-9100-77E9BC29634A}.Release|ARM64.Build.0 = Release|Any CPU
		{90552AD1-3EE6-44B1-9100-77E9BC29634A}.Release|x64.ActiveCfg = Release|Any CPU
		{90552AD1-3EE6-44B1-9100-77E9BC29634A}.Release|x64.Build.0 = Release|Any CPU
		{90552AD1-3EE6-44B1-9100-77E9BC29634A}.Release|x86.ActiveCfg = Release|Any CPU
		{90552AD1-3EE6-44B1-9100-77E9BC29634A}.Release|x86.Build.0 = Release|Any CPU
		{75B84179-7AF7-4ECA-A7A3-CD196B823742}.Debug|Any CPU.ActiveCfg = Debug|Any CPU
		{75B84179-7AF7-4ECA-A7A3-CD196B823742}.Debug|Any CPU.Build.0 = Debug|Any CPU
		{75B84179-7AF7-4ECA-A7A3-CD196B823742}.Debug|ARM.ActiveCfg = Debug|Any CPU
		{75B84179-7AF7-4ECA-A7A3-CD196B823742}.Debug|ARM.Build.0 = Debug|Any CPU
		{75B84179-7AF7-4ECA-A7A3-CD196B823742}.Debug|ARM64.ActiveCfg = Debug|Any CPU
		{75B84179-7AF7-4ECA-A7A3-CD196B823742}.Debug|ARM64.Build.0 = Debug|Any CPU
		{75B84179-7AF7-4ECA-A7A3-CD196B823742}.Debug|x64.ActiveCfg = Debug|Any CPU
		{75B84179-7AF7-4ECA-A7A3-CD196B823742}.Debug|x64.Build.0 = Debug|Any CPU
		{75B84179-7AF7-4ECA-A7A3-CD196B823742}.Debug|x86.ActiveCfg = Debug|Any CPU
		{75B84179-7AF7-4ECA-A7A3-CD196B823742}.Debug|x86.Build.0 = Debug|Any CPU
		{75B84179-7AF7-4ECA-A7A3-CD196B823742}.Release|Any CPU.ActiveCfg = Release|Any CPU
		{75B84179-7AF7-4ECA-A7A3-CD196B823742}.Release|Any CPU.Build.0 = Release|Any CPU
		{75B84179-7AF7-4ECA-A7A3-CD196B823742}.Release|ARM.ActiveCfg = Release|Any CPU
		{75B84179-7AF7-4ECA-A7A3-CD196B823742}.Release|ARM.Build.0 = Release|Any CPU
		{75B84179-7AF7-4ECA-A7A3-CD196B823742}.Release|ARM64.ActiveCfg = Release|Any CPU
		{75B84179-7AF7-4ECA-A7A3-CD196B823742}.Release|ARM64.Build.0 = Release|Any CPU
		{75B84179-7AF7-4ECA-A7A3-CD196B823742}.Release|x64.ActiveCfg = Release|Any CPU
		{75B84179-7AF7-4ECA-A7A3-CD196B823742}.Release|x64.Build.0 = Release|Any CPU
		{75B84179-7AF7-4ECA-A7A3-CD196B823742}.Release|x86.ActiveCfg = Release|Any CPU
		{75B84179-7AF7-4ECA-A7A3-CD196B823742}.Release|x86.Build.0 = Release|Any CPU
		{4CF060DA-0ABC-4C96-A8D7-098A8136580D}.Debug|Any CPU.ActiveCfg = Debug|Any CPU
		{4CF060DA-0ABC-4C96-A8D7-098A8136580D}.Debug|Any CPU.Build.0 = Debug|Any CPU
		{4CF060DA-0ABC-4C96-A8D7-098A8136580D}.Debug|ARM.ActiveCfg = Debug|Any CPU
		{4CF060DA-0ABC-4C96-A8D7-098A8136580D}.Debug|ARM.Build.0 = Debug|Any CPU
		{4CF060DA-0ABC-4C96-A8D7-098A8136580D}.Debug|ARM64.ActiveCfg = Debug|Any CPU
		{4CF060DA-0ABC-4C96-A8D7-098A8136580D}.Debug|ARM64.Build.0 = Debug|Any CPU
		{4CF060DA-0ABC-4C96-A8D7-098A8136580D}.Debug|x64.ActiveCfg = Debug|Any CPU
		{4CF060DA-0ABC-4C96-A8D7-098A8136580D}.Debug|x64.Build.0 = Debug|Any CPU
		{4CF060DA-0ABC-4C96-A8D7-098A8136580D}.Debug|x86.ActiveCfg = Debug|Any CPU
		{4CF060DA-0ABC-4C96-A8D7-098A8136580D}.Debug|x86.Build.0 = Debug|Any CPU
		{4CF060DA-0ABC-4C96-A8D7-098A8136580D}.Release|Any CPU.ActiveCfg = Release|Any CPU
		{4CF060DA-0ABC-4C96-A8D7-098A8136580D}.Release|Any CPU.Build.0 = Release|Any CPU
		{4CF060DA-0ABC-4C96-A8D7-098A8136580D}.Release|ARM.ActiveCfg = Release|Any CPU
		{4CF060DA-0ABC-4C96-A8D7-098A8136580D}.Release|ARM.Build.0 = Release|Any CPU
		{4CF060DA-0ABC-4C96-A8D7-098A8136580D}.Release|ARM64.ActiveCfg = Release|Any CPU
		{4CF060DA-0ABC-4C96-A8D7-098A8136580D}.Release|ARM64.Build.0 = Release|Any CPU
		{4CF060DA-0ABC-4C96-A8D7-098A8136580D}.Release|x64.ActiveCfg = Release|Any CPU
		{4CF060DA-0ABC-4C96-A8D7-098A8136580D}.Release|x64.Build.0 = Release|Any CPU
		{4CF060DA-0ABC-4C96-A8D7-098A8136580D}.Release|x86.ActiveCfg = Release|Any CPU
		{4CF060DA-0ABC-4C96-A8D7-098A8136580D}.Release|x86.Build.0 = Release|Any CPU
		{0A26C697-8ADC-4754-9EC6-E4C994B2D056}.Debug|Any CPU.ActiveCfg = Debug|Any CPU
		{0A26C697-8ADC-4754-9EC6-E4C994B2D056}.Debug|Any CPU.Build.0 = Debug|Any CPU
		{0A26C697-8ADC-4754-9EC6-E4C994B2D056}.Debug|ARM.ActiveCfg = Debug|Any CPU
		{0A26C697-8ADC-4754-9EC6-E4C994B2D056}.Debug|ARM.Build.0 = Debug|Any CPU
		{0A26C697-8ADC-4754-9EC6-E4C994B2D056}.Debug|ARM64.ActiveCfg = Debug|Any CPU
		{0A26C697-8ADC-4754-9EC6-E4C994B2D056}.Debug|ARM64.Build.0 = Debug|Any CPU
		{0A26C697-8ADC-4754-9EC6-E4C994B2D056}.Debug|x64.ActiveCfg = Debug|Any CPU
		{0A26C697-8ADC-4754-9EC6-E4C994B2D056}.Debug|x64.Build.0 = Debug|Any CPU
		{0A26C697-8ADC-4754-9EC6-E4C994B2D056}.Debug|x86.ActiveCfg = Debug|Any CPU
		{0A26C697-8ADC-4754-9EC6-E4C994B2D056}.Debug|x86.Build.0 = Debug|Any CPU
		{0A26C697-8ADC-4754-9EC6-E4C994B2D056}.Release|Any CPU.ActiveCfg = Release|Any CPU
		{0A26C697-8ADC-4754-9EC6-E4C994B2D056}.Release|Any CPU.Build.0 = Release|Any CPU
		{0A26C697-8ADC-4754-9EC6-E4C994B2D056}.Release|ARM.ActiveCfg = Release|Any CPU
		{0A26C697-8ADC-4754-9EC6-E4C994B2D056}.Release|ARM.Build.0 = Release|Any CPU
		{0A26C697-8ADC-4754-9EC6-E4C994B2D056}.Release|ARM64.ActiveCfg = Release|Any CPU
		{0A26C697-8ADC-4754-9EC6-E4C994B2D056}.Release|ARM64.Build.0 = Release|Any CPU
		{0A26C697-8ADC-4754-9EC6-E4C994B2D056}.Release|x64.ActiveCfg = Release|Any CPU
		{0A26C697-8ADC-4754-9EC6-E4C994B2D056}.Release|x64.Build.0 = Release|Any CPU
		{0A26C697-8ADC-4754-9EC6-E4C994B2D056}.Release|x86.ActiveCfg = Release|Any CPU
		{0A26C697-8ADC-4754-9EC6-E4C994B2D056}.Release|x86.Build.0 = Release|Any CPU
		{2D63D775-C768-454C-9779-58166AA390FA}.Debug|Any CPU.ActiveCfg = Debug|Any CPU
		{2D63D775-C768-454C-9779-58166AA390FA}.Debug|Any CPU.Build.0 = Debug|Any CPU
		{2D63D775-C768-454C-9779-58166AA390FA}.Debug|ARM.ActiveCfg = Debug|Any CPU
		{2D63D775-C768-454C-9779-58166AA390FA}.Debug|ARM.Build.0 = Debug|Any CPU
		{2D63D775-C768-454C-9779-58166AA390FA}.Debug|ARM64.ActiveCfg = Debug|Any CPU
		{2D63D775-C768-454C-9779-58166AA390FA}.Debug|ARM64.Build.0 = Debug|Any CPU
		{2D63D775-C768-454C-9779-58166AA390FA}.Debug|x64.ActiveCfg = Debug|Any CPU
		{2D63D775-C768-454C-9779-58166AA390FA}.Debug|x64.Build.0 = Debug|Any CPU
		{2D63D775-C768-454C-9779-58166AA390FA}.Debug|x86.ActiveCfg = Debug|Any CPU
		{2D63D775-C768-454C-9779-58166AA390FA}.Debug|x86.Build.0 = Debug|Any CPU
		{2D63D775-C768-454C-9779-58166AA390FA}.Release|Any CPU.ActiveCfg = Release|Any CPU
		{2D63D775-C768-454C-9779-58166AA390FA}.Release|Any CPU.Build.0 = Release|Any CPU
		{2D63D775-C768-454C-9779-58166AA390FA}.Release|ARM.ActiveCfg = Release|Any CPU
		{2D63D775-C768-454C-9779-58166AA390FA}.Release|ARM.Build.0 = Release|Any CPU
		{2D63D775-C768-454C-9779-58166AA390FA}.Release|ARM64.ActiveCfg = Release|Any CPU
		{2D63D775-C768-454C-9779-58166AA390FA}.Release|ARM64.Build.0 = Release|Any CPU
		{2D63D775-C768-454C-9779-58166AA390FA}.Release|x64.ActiveCfg = Release|Any CPU
		{2D63D775-C768-454C-9779-58166AA390FA}.Release|x64.Build.0 = Release|Any CPU
		{2D63D775-C768-454C-9779-58166AA390FA}.Release|x86.ActiveCfg = Release|Any CPU
		{2D63D775-C768-454C-9779-58166AA390FA}.Release|x86.Build.0 = Release|Any CPU
		{D2D80F97-4F8F-4B70-A3F9-56318558361E}.Debug|Any CPU.ActiveCfg = Debug|x86
		{D2D80F97-4F8F-4B70-A3F9-56318558361E}.Debug|ARM.ActiveCfg = Debug|ARM
		{D2D80F97-4F8F-4B70-A3F9-56318558361E}.Debug|ARM.Build.0 = Debug|ARM
		{D2D80F97-4F8F-4B70-A3F9-56318558361E}.Debug|ARM.Deploy.0 = Debug|ARM
		{D2D80F97-4F8F-4B70-A3F9-56318558361E}.Debug|ARM64.ActiveCfg = Debug|ARM64
		{D2D80F97-4F8F-4B70-A3F9-56318558361E}.Debug|ARM64.Build.0 = Debug|ARM64
		{D2D80F97-4F8F-4B70-A3F9-56318558361E}.Debug|ARM64.Deploy.0 = Debug|ARM64
		{D2D80F97-4F8F-4B70-A3F9-56318558361E}.Debug|x64.ActiveCfg = Debug|x64
		{D2D80F97-4F8F-4B70-A3F9-56318558361E}.Debug|x64.Build.0 = Debug|x64
		{D2D80F97-4F8F-4B70-A3F9-56318558361E}.Debug|x64.Deploy.0 = Debug|x64
		{D2D80F97-4F8F-4B70-A3F9-56318558361E}.Debug|x86.ActiveCfg = Debug|x86
		{D2D80F97-4F8F-4B70-A3F9-56318558361E}.Debug|x86.Build.0 = Debug|x86
		{D2D80F97-4F8F-4B70-A3F9-56318558361E}.Debug|x86.Deploy.0 = Debug|x86
		{D2D80F97-4F8F-4B70-A3F9-56318558361E}.Release|Any CPU.ActiveCfg = Release|x86
		{D2D80F97-4F8F-4B70-A3F9-56318558361E}.Release|ARM.ActiveCfg = Release|ARM
		{D2D80F97-4F8F-4B70-A3F9-56318558361E}.Release|ARM.Build.0 = Release|ARM
		{D2D80F97-4F8F-4B70-A3F9-56318558361E}.Release|ARM.Deploy.0 = Release|ARM
		{D2D80F97-4F8F-4B70-A3F9-56318558361E}.Release|ARM64.ActiveCfg = Release|ARM64
		{D2D80F97-4F8F-4B70-A3F9-56318558361E}.Release|ARM64.Build.0 = Release|ARM64
		{D2D80F97-4F8F-4B70-A3F9-56318558361E}.Release|ARM64.Deploy.0 = Release|ARM64
		{D2D80F97-4F8F-4B70-A3F9-56318558361E}.Release|x64.ActiveCfg = Release|x64
		{D2D80F97-4F8F-4B70-A3F9-56318558361E}.Release|x64.Build.0 = Release|x64
		{D2D80F97-4F8F-4B70-A3F9-56318558361E}.Release|x64.Deploy.0 = Release|x64
		{D2D80F97-4F8F-4B70-A3F9-56318558361E}.Release|x86.ActiveCfg = Release|x86
		{D2D80F97-4F8F-4B70-A3F9-56318558361E}.Release|x86.Build.0 = Release|x86
		{D2D80F97-4F8F-4B70-A3F9-56318558361E}.Release|x86.Deploy.0 = Release|x86
	EndGlobalSection
	GlobalSection(SolutionProperties) = preSolution
		HideSolutionNode = FALSE
	EndGlobalSection
	GlobalSection(ExtensibilityGlobals) = postSolution
		SolutionGuid = {6E6327F0-BB59-4BDB-9A7C-910434010010}
	EndGlobalSection
EndGlobal
