
Microsoft Visual Studio Solution File, Format Version 12.00
# Visual Studio 15
VisualStudioVersion = 15.0.28307.852
MinimumVisualStudioVersion = 10.0.40219.1
Project("{9A19103F-16F7-4668-BE54-9A1E7A4F7556}") = "ConsoleApp4", "ConsoleApp4\ConsoleApp4.csproj", "{C2EC0315-45D4-4537-AB31-ED9D0D668216}"
EndProject
Project("{9A19103F-16F7-4668-BE54-9A1E7A4F7556}") = "XUnitTestProject1", "XUnitTestProject1\XUnitTestProject1.csproj", "{760C2B9D-B7FF-471C-AA20-718AC28E4E70}"
EndProject
Project("{9A19103F-16F7-4668-BE54-9A1E7A4F7556}") = "BibliotekaNorthwind", "BibliotekaNorthwind\BibliotekaNorthwind.csproj", "{5B73BDFC-7E7E-4A1E-8948-C25068A9561F}"
EndProject
Global
	GlobalSection(SolutionConfigurationPlatforms) = preSolution
		Debug|Any CPU = Debug|Any CPU
		Release|Any CPU = Release|Any CPU
	EndGlobalSection
	GlobalSection(ProjectConfigurationPlatforms) = postSolution
		{C2EC0315-45D4-4537-AB31-ED9D0D668216}.Debug|Any CPU.ActiveCfg = Debug|Any CPU
		{C2EC0315-45D4-4537-AB31-ED9D0D668216}.Debug|Any CPU.Build.0 = Debug|Any CPU
		{C2EC0315-45D4-4537-AB31-ED9D0D668216}.Release|Any CPU.ActiveCfg = Release|Any CPU
		{C2EC0315-45D4-4537-AB31-ED9D0D668216}.Release|Any CPU.Build.0 = Release|Any CPU
		{760C2B9D-B7FF-471C-AA20-718AC28E4E70}.Debug|Any CPU.ActiveCfg = Debug|Any CPU
		{760C2B9D-B7FF-471C-AA20-718AC28E4E70}.Debug|Any CPU.Build.0 = Debug|Any CPU
		{760C2B9D-B7FF-471C-AA20-718AC28E4E70}.Release|Any CPU.ActiveCfg = Release|Any CPU
		{760C2B9D-B7FF-471C-AA20-718AC28E4E70}.Release|Any CPU.Build.0 = Release|Any CPU
		{5B73BDFC-7E7E-4A1E-8948-C25068A9561F}.Debug|Any CPU.ActiveCfg = Debug|Any CPU
		{5B73BDFC-7E7E-4A1E-8948-C25068A9561F}.Debug|Any CPU.Build.0 = Debug|Any CPU
		{5B73BDFC-7E7E-4A1E-8948-C25068A9561F}.Release|Any CPU.ActiveCfg = Release|Any CPU
		{5B73BDFC-7E7E-4A1E-8948-C25068A9561F}.Release|Any CPU.Build.0 = Release|Any CPU
	EndGlobalSection
	GlobalSection(SolutionProperties) = preSolution
		HideSolutionNode = FALSE
	EndGlobalSection
	GlobalSection(ExtensibilityGlobals) = postSolution
		SolutionGuid = {0B8D0A30-A384-4B82-96A3-D11161D3DA15}
	EndGlobalSection
EndGlobal
