
Microsoft Visual Studio Solution File, Format Version 12.00
# Visual Studio 15
VisualStudioVersion = 15.0.28307.852
MinimumVisualStudioVersion = 10.0.40219.1
Project("{00D1A9C2-B5F0-4AF3-8072-F6C62B433612}") = "SQLProject", "SQLProject\SQLProject.sqlproj", "{1447FD16-203D-4BF1-BE30-A1DAFE9CF899}"
EndProject
Project("{00D1A9C2-B5F0-4AF3-8072-F6C62B433612}") = "SQLFromExisting", "SQLFromExisting\SQLFromExisting.sqlproj", "{EB5A3696-CFA4-4207-91F6-2AFB48B153EE}"
EndProject
Global
	GlobalSection(SolutionConfigurationPlatforms) = preSolution
		Debug|Any CPU = Debug|Any CPU
		Release|Any CPU = Release|Any CPU
	EndGlobalSection
	GlobalSection(ProjectConfigurationPlatforms) = postSolution
		{1447FD16-203D-4BF1-BE30-A1DAFE9CF899}.Debug|Any CPU.ActiveCfg = Debug|Any CPU
		{1447FD16-203D-4BF1-BE30-A1DAFE9CF899}.Debug|Any CPU.Build.0 = Debug|Any CPU
		{1447FD16-203D-4BF1-BE30-A1DAFE9CF899}.Debug|Any CPU.Deploy.0 = Debug|Any CPU
		{1447FD16-203D-4BF1-BE30-A1DAFE9CF899}.Release|Any CPU.ActiveCfg = Release|Any CPU
		{1447FD16-203D-4BF1-BE30-A1DAFE9CF899}.Release|Any CPU.Build.0 = Release|Any CPU
		{1447FD16-203D-4BF1-BE30-A1DAFE9CF899}.Release|Any CPU.Deploy.0 = Release|Any CPU
		{EB5A3696-CFA4-4207-91F6-2AFB48B153EE}.Debug|Any CPU.ActiveCfg = Debug|Any CPU
		{EB5A3696-CFA4-4207-91F6-2AFB48B153EE}.Debug|Any CPU.Build.0 = Debug|Any CPU
		{EB5A3696-CFA4-4207-91F6-2AFB48B153EE}.Debug|Any CPU.Deploy.0 = Debug|Any CPU
		{EB5A3696-CFA4-4207-91F6-2AFB48B153EE}.Release|Any CPU.ActiveCfg = Release|Any CPU
		{EB5A3696-CFA4-4207-91F6-2AFB48B153EE}.Release|Any CPU.Build.0 = Release|Any CPU
		{EB5A3696-CFA4-4207-91F6-2AFB48B153EE}.Release|Any CPU.Deploy.0 = Release|Any CPU
	EndGlobalSection
	GlobalSection(SolutionProperties) = preSolution
		HideSolutionNode = FALSE
	EndGlobalSection
	GlobalSection(ExtensibilityGlobals) = postSolution
		SolutionGuid = {C8018BF3-A326-4F2E-BB0C-EBC833C8E802}
	EndGlobalSection
EndGlobal
